{
  "name": "cod_auto_paid",
  "requires": true,
  "lockfileVersion": 1,
  "dependencies": {
    "@shopify/images": {
      "version": "1.1.5",
      "resolved": "https://registry.npmjs.org/@shopify/images/-/images-1.1.5.tgz",
      "integrity": "sha512-DIPOT6ACpmsqYwvh0TQ48PgmZFceuoV8imrxfmCK6HD+zWcE6TWfunKaGEo0DkkdsS+6guGd/aJXe9m+dyBvdQ=="
    },
    "@shopify/javascript-utilities": {
      "version": "2.1.0",
      "resolved": "https://registry.npmjs.org/@shopify/javascript-utilities/-/javascript-utilities-2.1.0.tgz",
      "integrity": "sha512-7ImQ8HaeCalPkS63CYGLLheZ4U+1A0MHa9wlOL1X1ZPqEHNeBZGnLZyY99WOIsmJW4u4PiGihlEnTqD2Yinf5w==",
      "requires": {
        "@types/lodash": "^4.14.65",
        "@types/react": "^16.0.2",
        "lodash": "^4.17.4",
        "lodash-decorators": "^4.3.5"
      }
    },
    "@shopify/polaris": {
      "version": "2.1.1",
      "resolved": "https://registry.npmjs.org/@shopify/polaris/-/polaris-2.1.1.tgz",
      "integrity": "sha512-O8Pm5yFb8jqxtqfQxl4j6k4icLOamcP4Fjz+RkOq7C0Pyxqd+7WufRy6mvnTwLyIpiYIAq7hOHmrtSy39VUlsQ==",
      "requires": {
        "@shopify/images": "^1.1.0",
        "@shopify/javascript-utilities": "^2.1.0",
        "@shopify/react-utilities": "2.0.0-beta.9",
        "@types/prop-types": "^15.5.2",
        "@types/react": "^16.3.5",
        "@types/react-dom": "^16.0.4",
        "@types/react-transition-group": "^2.0.7",
        "babel-runtime": "^6.23.0",
        "core-js": "^2.5.1",
        "hoist-non-react-statics": "^2.5.0",
        "lodash": "^4.17.4",
        "lodash-decorators": "^4.3.5",
        "prop-types": "^15.6.1",
        "react-transition-group": "^2.3.0",
        "tslib": "^1.8.0"
      }
    },
    "@shopify/react-utilities": {
      "version": "2.0.0-beta.9",
      "resolved": "https://registry.npmjs.org/@shopify/react-utilities/-/react-utilities-2.0.0-beta.9.tgz",
      "integrity": "sha512-sgnoBVjg1ULAv3fQ2TvEfTyXJBAs6WQOBLuTSf3AP6Bs8zfY2QSL4/pwr2q8uk1HG/YR7pCKKFkgkHogCL5qwA==",
      "requires": {
        "@shopify/javascript-utilities": "^2.1.0",
        "@types/classnames": "^2.2.3",
        "@types/node": "^8.0.41",
        "@types/react": "^16.0.10",
        "classnames": "^2.2.5",
        "core-js": "^2.5.1"
      }
    },
    "@types/classnames": {
      "version": "2.2.4",
      "resolved": "https://registry.npmjs.org/@types/classnames/-/classnames-2.2.4.tgz",
      "integrity": "sha512-UWUmNYhaIGDx8Kv0NSqFRwP6HWnBMXam4nBacOrjIiPBKKCdWMCe77+Nbn6rI9+Us9c+BhE26u84xeYQv2bKeA=="
    },
    "@types/lodash": {
      "version": "4.14.109",
      "resolved": "https://registry.npmjs.org/@types/lodash/-/lodash-4.14.109.tgz",
      "integrity": "sha512-hop8SdPUEzbcJm6aTsmuwjIYQo1tqLseKCM+s2bBqTU2gErwI4fE+aqUVOlscPSQbKHKgtMMPoC+h4AIGOJYvw=="
    },
    "@types/node": {
      "version": "8.10.18",
      "resolved": "https://registry.npmjs.org/@types/node/-/node-8.10.18.tgz",
      "integrity": "sha512-WoepSz+wJlU5Bjq5oK6cO1oXe2FgPcjMtQPgKPS8fVaTAD0lxkScMCCbMimdkVCsykqaA4lvHWz3cmj28yimhA=="
    },
    "@types/prop-types": {
      "version": "15.5.3",
      "resolved": "https://registry.npmjs.org/@types/prop-types/-/prop-types-15.5.3.tgz",
      "integrity": "sha512-sfjHrNF4zWRv3fJUGyZW46wVxhYJ/GeWIPdKxbnLIhY3bWR0Ncl2kIhZI7rpjY9KtUQAkDP8jWEmaGQGFFvruA=="
    },
    "@types/react": {
      "version": "16.3.16",
      "resolved": "https://registry.npmjs.org/@types/react/-/react-16.3.16.tgz",
      "integrity": "sha512-fM7YX3Q9a915DXi8T06F8906bWv19sbkVO+k5PUYRIWXU2PINLEHbMMGgySem2phwF6En0+HGI6MOrobp+Ya1g==",
      "requires": {
        "csstype": "^2.2.0"
      }
    },
    "@types/react-dom": {
      "version": "16.0.5",
      "resolved": "https://registry.npmjs.org/@types/react-dom/-/react-dom-16.0.5.tgz",
      "integrity": "sha512-ony2hEYlGXCLWNAWWgbsHR7qVvDbeMRFc5b43+7dhj3n+zXzxz81HV9Yjpc3JD8vLCiwYoSLqFCI6bD0+0zG2Q==",
      "requires": {
        "@types/node": "*",
        "@types/react": "*"
      }
    },
    "@types/react-transition-group": {
      "version": "2.0.11",
      "resolved": "https://registry.npmjs.org/@types/react-transition-group/-/react-transition-group-2.0.11.tgz",
      "integrity": "sha512-ZLShHPYsjehQBQq1wD9EQBU1BngZOJZMTuUEipENbYPvZMt4bbLcVUaohZTilKLu0viZouadQ6mANHYynNcUOQ==",
      "requires": {
        "@types/react": "*"
      }
    },
    "asap": {
      "version": "2.0.6",
      "resolved": "https://registry.npmjs.org/asap/-/asap-2.0.6.tgz",
      "integrity": "sha1-5QNHYR1+aQlDIIu9r+vLwvuGbUY="
    },
    "babel-runtime": {
      "version": "6.26.0",
      "resolved": "https://registry.npmjs.org/babel-runtime/-/babel-runtime-6.26.0.tgz",
      "integrity": "sha1-llxwWGaOgrVde/4E/yM3vItWR/4=",
      "requires": {
        "core-js": "^2.4.0",
        "regenerator-runtime": "^0.11.0"
      }
    },
    "classnames": {
      "version": "2.2.5",
      "resolved": "https://registry.npmjs.org/classnames/-/classnames-2.2.5.tgz",
      "integrity": "sha1-+zgB1FNGdknvNgPH1hoCvRKb3m0="
    },
    "core-js": {
      "version": "2.5.7",
      "resolved": "https://registry.npmjs.org/core-js/-/core-js-2.5.7.tgz",
      "integrity": "sha512-RszJCAxg/PP6uzXVXL6BsxSXx/B05oJAQ2vkJRjyjrEcNVycaqOmNb5OTxZPE3xa5gwZduqza6L9JOCenh/Ecw=="
    },
    "csstype": {
      "version": "2.5.3",
      "resolved": "https://registry.npmjs.org/csstype/-/csstype-2.5.3.tgz",
      "integrity": "sha512-G5HnoK8nOiAq3DXIEoY2n/8Vb7Lgrms+jGJl8E4EJpQEeVONEnPFJSl8IK505wPBoxxtrtHhrRm4WX2GgdqarA=="
    },
    "dom-helpers": {
      "version": "3.3.1",
      "resolved": "https://registry.npmjs.org/dom-helpers/-/dom-helpers-3.3.1.tgz",
      "integrity": "sha512-2Sm+JaYn74OiTM2wHvxJOo3roiq/h25Yi69Fqk269cNUwIXsCvATB6CRSFC9Am/20G2b28hGv/+7NiWydIrPvg=="
    },
    "encoding": {
      "version": "0.1.12",
      "resolved": "https://registry.npmjs.org/encoding/-/encoding-0.1.12.tgz",
      "integrity": "sha1-U4tm8+5izRq1HsMjgp0flIDHS+s=",
      "requires": {
        "iconv-lite": "~0.4.13"
      }
    },
    "fbjs": {
      "version": "0.8.16",
      "resolved": "https://registry.npmjs.org/fbjs/-/fbjs-0.8.16.tgz",
      "integrity": "sha1-XmdDL1UNxBtXK/VYR7ispk5TN9s=",
      "requires": {
        "core-js": "^1.0.0",
        "isomorphic-fetch": "^2.1.1",
        "loose-envify": "^1.0.0",
        "object-assign": "^4.1.0",
        "promise": "^7.1.1",
        "setimmediate": "^1.0.5",
        "ua-parser-js": "^0.7.9"
      },
      "dependencies": {
        "core-js": {
          "version": "1.2.7",
          "resolved": "https://registry.npmjs.org/core-js/-/core-js-1.2.7.tgz",
          "integrity": "sha1-ZSKUwUZR2yj6k70tX/KYOk8IxjY="
        }
      }
    },
    "hoist-non-react-statics": {
      "version": "2.5.0",
      "resolved": "https://registry.npmjs.org/hoist-non-react-statics/-/hoist-non-react-statics-2.5.0.tgz",
      "integrity": "sha512-6Bl6XsDT1ntE0lHbIhr4Kp2PGcleGZ66qu5Jqk8lc0Xc/IeG6gVLmwUGs/K0Us+L8VWoKgj0uWdPMataOsm31w=="
    },
    "iconv-lite": {
      "version": "0.4.23",
      "resolved": "https://registry.npmjs.org/iconv-lite/-/iconv-lite-0.4.23.tgz",
      "integrity": "sha512-neyTUVFtahjf0mB3dZT77u+8O0QB89jFdnBkd5P1JgYPbPaia3gXXOVL2fq8VyU2gMMD7SaN7QukTB/pmXYvDA==",
      "requires": {
        "safer-buffer": ">= 2.1.2 < 3"
      }
    },
    "is-stream": {
      "version": "1.1.0",
      "resolved": "https://registry.npmjs.org/is-stream/-/is-stream-1.1.0.tgz",
      "integrity": "sha1-EtSj3U5o4Lec6428hBc66A2RykQ="
    },
    "isomorphic-fetch": {
      "version": "2.2.1",
      "resolved": "https://registry.npmjs.org/isomorphic-fetch/-/isomorphic-fetch-2.2.1.tgz",
      "integrity": "sha1-YRrhrPFPXoH3KVB0coGf6XM1WKk=",
      "requires": {
        "node-fetch": "^1.0.1",
        "whatwg-fetch": ">=0.10.0"
      }
    },
    "js-tokens": {
      "version": "3.0.2",
      "resolved": "https://registry.npmjs.org/js-tokens/-/js-tokens-3.0.2.tgz",
      "integrity": "sha1-mGbfOVECEw449/mWvOtlRDIJwls="
    },
    "lodash": {
      "version": "4.17.10",
      "resolved": "https://registry.npmjs.org/lodash/-/lodash-4.17.10.tgz",
      "integrity": "sha512-UejweD1pDoXu+AD825lWwp4ZGtSwgnpZxb3JDViD7StjQz+Nb/6l093lx4OQ0foGWNRoc19mWy7BzL+UAK2iVg=="
    },
    "lodash-decorators": {
      "version": "4.5.0",
      "resolved": "https://registry.npmjs.org/lodash-decorators/-/lodash-decorators-4.5.0.tgz",
      "integrity": "sha512-isfVBBSzzXu7Z6abY/Bit5hCbM+gPhQx/DluTPAmzUPF3KRtvLLRNBgVFUxw6B8vwTMGyQFRVqbvQBli9hsXZA==",
      "requires": {
        "tslib": "^1.7.1"
      }
    },
    "loose-envify": {
      "version": "1.3.1",
      "resolved": "https://registry.npmjs.org/loose-envify/-/loose-envify-1.3.1.tgz",
      "integrity": "sha1-0aitM/qc4OcT1l/dCsi3SNR4yEg=",
      "requires": {
        "js-tokens": "^3.0.0"
      }
    },
    "node-fetch": {
      "version": "1.7.3",
      "resolved": "https://registry.npmjs.org/node-fetch/-/node-fetch-1.7.3.tgz",
      "integrity": "sha512-NhZ4CsKx7cYm2vSrBAr2PvFOe6sWDf0UYLRqA6svUYg7+/TSfVAu49jYC4BvQ4Sms9SZgdqGBgroqfDhJdTyKQ==",
      "requires": {
        "encoding": "^0.1.11",
        "is-stream": "^1.0.1"
      }
    },
    "object-assign": {
      "version": "4.1.1",
      "resolved": "https://registry.npmjs.org/object-assign/-/object-assign-4.1.1.tgz",
      "integrity": "sha1-IQmtx5ZYh8/AXLvUQsrIv7s2CGM="
    },
    "promise": {
      "version": "7.3.1",
      "resolved": "https://registry.npmjs.org/promise/-/promise-7.3.1.tgz",
      "integrity": "sha512-nolQXZ/4L+bP/UGlkfaIujX9BKxGwmQ9OT4mOt5yvy8iK1h3wqTEJCijzGANTCCl9nWjY41juyAn2K3Q1hLLTg==",
      "requires": {
        "asap": "~2.0.3"
      }
    },
    "prop-types": {
      "version": "15.6.1",
      "resolved": "https://registry.npmjs.org/prop-types/-/prop-types-15.6.1.tgz",
      "integrity": "sha512-4ec7bY1Y66LymSUOH/zARVYObB23AT2h8cf6e/O6ZALB/N0sqZFEx7rq6EYPX2MkOdKORuooI/H5k9TlR4q7kQ==",
      "requires": {
        "fbjs": "^0.8.16",
        "loose-envify": "^1.3.1",
        "object-assign": "^4.1.1"
      }
    },
    "react-transition-group": {
      "version": "2.3.1",
      "resolved": "https://registry.npmjs.org/react-transition-group/-/react-transition-group-2.3.1.tgz",
      "integrity": "sha512-hu4/LAOFSKjWt1+1hgnOv3ldxmt6lvZGTWz4KUkFrqzXrNDIVSu6txIcPszw7PNduR8en9YTN55JLRyd/L1ZiQ==",
      "requires": {
        "dom-helpers": "^3.3.1",
        "loose-envify": "^1.3.1",
        "prop-types": "^15.6.1"
      }
    },
    "regenerator-runtime": {
      "version": "0.11.1",
      "resolved": "https://registry.npmjs.org/regenerator-runtime/-/regenerator-runtime-0.11.1.tgz",
      "integrity": "sha512-MguG95oij0fC3QV3URf4V2SDYGJhJnJGqvIIgdECeODCT98wSWDAJ94SSuVpYQUoTcGUIL6L4yNB7j1DFFHSBg=="
    },
    "safer-buffer": {
      "version": "2.1.2",
      "resolved": "https://registry.npmjs.org/safer-buffer/-/safer-buffer-2.1.2.tgz",
      "integrity": "sha512-YZo3K82SD7Riyi0E1EQPojLz7kpepnSQI9IyPbHHg1XXXevb5dJI7tpyN2ADxGcQbHG7vcyRHk0cbwqcQriUtg=="
    },
    "setimmediate": {
      "version": "1.0.5",
      "resolved": "https://registry.npmjs.org/setimmediate/-/setimmediate-1.0.5.tgz",
      "integrity": "sha1-KQy7Iy4waULX1+qbg3Mqt4VvgoU="
    },
    "tslib": {
      "version": "1.9.2",
      "resolved": "https://registry.npmjs.org/tslib/-/tslib-1.9.2.tgz",
      "integrity": "sha512-AVP5Xol3WivEr7hnssHDsaM+lVrVXWUvd1cfXTRkTj80b//6g2wIFEH6hZG0muGZRnHGrfttpdzRk3YlBkWjKw=="
    },
    "ua-parser-js": {
      "version": "0.7.18",
      "resolved": "https://registry.npmjs.org/ua-parser-js/-/ua-parser-js-0.7.18.tgz",
      "integrity": "sha512-LtzwHlVHwFGTptfNSgezHp7WUlwiqb0gA9AALRbKaERfxwJoiX0A73QbTToxteIAuIaFshhgIZfqK8s7clqgnA=="
    },
    "whatwg-fetch": {
      "version": "2.0.4",
      "resolved": "https://registry.npmjs.org/whatwg-fetch/-/whatwg-fetch-2.0.4.tgz",
      "integrity": "sha512-dcQ1GWpOD/eEQ97k66aiEVpNnapVj90/+R+SXTPYGHpYBBypfKJEQjLrvMZ7YXbKm21gXd4NcuxUTjiv1YtLng=="
    }
  }
}
